
Microsoft Visual Studio Solution File, Format Version 12.00
# Visual Studio Version 16
VisualStudioVersion = 16.0.33529.622
MinimumVisualStudioVersion = 10.0.40219.1
Project("{8BC9CEB8-8B4A-11D0-8D11-00A0C91BC942}") = "GIT Fork", "GIT Fork.vcxproj", "{9E2322D5-BCC2-4E2F-91BB-2D7691ECF061}"
EndProject
Global
	GlobalSection(SolutionConfigurationPlatforms) = preSolution
		Debug|x64 = Debug|x64
		Debug|x86 = Debug|x86
		Release|x64 = Release|x64
		Release|x86 = Release|x86
	EndGlobalSection
	GlobalSection(ProjectConfigurationPlatforms) = postSolution
		{9E2322D5-BCC2-4E2F-91BB-2D7691ECF061}.Debug|x64.ActiveCfg = Debug|x64
		{9E2322D5-BCC2-4E2F-91BB-2D7691ECF061}.Debug|x64.Build.0 = Debug|x64
		{9E2322D5-BCC2-4E2F-91BB-2D7691ECF061}.Debug|x86.ActiveCfg = Debug|Win32
		{9E2322D5-BCC2-4E2F-91BB-2D7691ECF061}.Debug|x86.Build.0 = Debug|Win32
		{9E2322D5-BCC2-4E2F-91BB-2D7691ECF061}.Release|x64.ActiveCfg = Release|x64
		{9E2322D5-BCC2-4E2F-91BB-2D7691ECF061}.Release|x64.Build.0 = Release|x64
		{9E2322D5-BCC2-4E2F-91BB-2D7691ECF061}.Release|x86.ActiveCfg = Release|Win32
		{9E2322D5-BCC2-4E2F-91BB-2D7691ECF061}.Release|x86.Build.0 = Release|Win32
	EndGlobalSection
	GlobalSection(SolutionProperties) = preSolution
		HideSolutionNode = FALSE
	EndGlobalSection
	GlobalSection(ExtensibilityGlobals) = postSolution
		SolutionGuid = {9683D4F2-9A40-4773-AFDD-1C02AC6FABB0}
	EndGlobalSection
EndGlobal
